
Microsoft Visual Studio Solution File, Format Version 12.00
# Visual Studio Version 16
VisualStudioVersion = 16.0.30709.132
MinimumVisualStudioVersion = 10.0.40219.1
Project("{9A19103F-16F7-4668-BE54-9A1E7A4F7556}") = "Leega.Api", "NQS.Api\Leega.Api.csproj", "{86ADB644-F184-467B-804D-D3D8873BE2A3}"
EndProject
Project("{2150E333-8FDC-42A3-9474-1A3956D46DE8}") = "00 - Tests", "00 - Tests", "{32922CCC-29C3-43EA-9322-FB62A5CE5C0C}"
EndProject
Project("{9A19103F-16F7-4668-BE54-9A1E7A4F7556}") = "Leega.DataMySql.Tests", "Leega.DataMySql.Tests\Leega.DataMySql.Tests.csproj", "{1532AB30-703C-402E-A896-7CA9DBCF2427}"
EndProject
Project("{2150E333-8FDC-42A3-9474-1A3956D46DE8}") = "01 - UI", "01 - UI", "{E58F0D32-4508-4CEC-8219-E7619B8D80BD}"
EndProject
Project("{2150E333-8FDC-42A3-9474-1A3956D46DE8}") = "02 - Services", "02 - Services", "{249B12AC-B7EE-4DC4-8697-D5EDFD80B49D}"
EndProject
Project("{9A19103F-16F7-4668-BE54-9A1E7A4F7556}") = "Leega.Application", "Leega.Application\Leega.Application.csproj", "{83E08024-7E5A-4BA9-B25E-9E342DDD1765}"
EndProject
Project("{9A19103F-16F7-4668-BE54-9A1E7A4F7556}") = "Leega.Data.Enums", "Leega.Data.Enums\Leega.Data.Enums.csproj", "{30707C7F-9D6F-40D7-98B7-B578597B401F}"
EndProject
Project("{9A19103F-16F7-4668-BE54-9A1E7A4F7556}") = "Leega.DataMySql", "Leega.DataMySql\Leega.DataMySql.csproj", "{BF6D5537-4C86-4F1A-B300-4F347CC9F046}"
EndProject
Project("{9A19103F-16F7-4668-BE54-9A1E7A4F7556}") = "Leega.IoC", "Leega.IoC\Leega.IoC.csproj", "{1DB7EB4B-BEBD-41D2-B214-79A443A07A1E}"
EndProject
Project("{9A19103F-16F7-4668-BE54-9A1E7A4F7556}") = "Leega.Domain", "NQS.Domain\Leega.Domain.csproj", "{BB138CB6-B4C1-4419-8B68-F03007A5BB06}"
EndProject
Project("{9A19103F-16F7-4668-BE54-9A1E7A4F7556}") = "Leega.Entity", "NQS.Entity\Leega.Entity.csproj", "{F6F1B7AA-5094-47B2-A634-9C75ECF9665D}"
EndProject
Project("{9A19103F-16F7-4668-BE54-9A1E7A4F7556}") = "Leega.Util", "NQS.Util\Leega.Util.csproj", "{AADB764D-1983-4A27-8CF5-8AD9C792ACF2}"
EndProject
Project("{2150E333-8FDC-42A3-9474-1A3956D46DE8}") = "03 - Domain", "03 - Domain", "{47D66B07-6685-43CF-9EC7-16A08AB8D108}"
EndProject
Project("{2150E333-8FDC-42A3-9474-1A3956D46DE8}") = "05 - Infra", "05 - Infra", "{980D7A5C-9373-48AC-930F-48BCDF0EBAED}"
EndProject
Project("{2150E333-8FDC-42A3-9474-1A3956D46DE8}") = "00 - SqlServer", "00 - SqlServer", "{0A94C8C0-2DDB-42B9-B6F2-F61D0B36A5D6}"
EndProject
Project("{2150E333-8FDC-42A3-9474-1A3956D46DE8}") = "01 - MySql", "01 - MySql", "{B001C73C-D7B5-402E-9906-8E94E0885362}"
EndProject
Project("{2150E333-8FDC-42A3-9474-1A3956D46DE8}") = "02 - Ioc", "02 - Ioc", "{ABBB3B54-342C-49BA-BA69-59BC2DBA3652}"
EndProject
Project("{2150E333-8FDC-42A3-9474-1A3956D46DE8}") = "04 - Utils", "04 - Utils", "{0B28C38E-F2D2-4CCF-93D8-37B57E191B99}"
EndProject
Project("{2150E333-8FDC-42A3-9474-1A3956D46DE8}") = "05 - Enums", "05 - Enums", "{A8D87DD7-407A-43C9-B4D3-B337C8BB61C0}"
EndProject
Project("{9A19103F-16F7-4668-BE54-9A1E7A4F7556}") = "Leega.UI", "Altrus.HotSite\Leega.UI.csproj", "{160CD071-9598-4BA0-B108-B8BC73ED4B37}"
EndProject
Project("{9A19103F-16F7-4668-BE54-9A1E7A4F7556}") = "Leega.Dtos", "NQS.Dtos\Leega.Dtos.csproj", "{3D5CC134-565F-44B2-BE5C-2E1B1257743F}"
EndProject
Global
	GlobalSection(SolutionConfigurationPlatforms) = preSolution
		Debug|Any CPU = Debug|Any CPU
		Release|Any CPU = Release|Any CPU
	EndGlobalSection
	GlobalSection(ProjectConfigurationPlatforms) = postSolution
		{86ADB644-F184-467B-804D-D3D8873BE2A3}.Debug|Any CPU.ActiveCfg = Debug|Any CPU
		{86ADB644-F184-467B-804D-D3D8873BE2A3}.Debug|Any CPU.Build.0 = Debug|Any CPU
		{86ADB644-F184-467B-804D-D3D8873BE2A3}.Release|Any CPU.ActiveCfg = Release|Any CPU
		{86ADB644-F184-467B-804D-D3D8873BE2A3}.Release|Any CPU.Build.0 = Release|Any CPU
		{1532AB30-703C-402E-A896-7CA9DBCF2427}.Debug|Any CPU.ActiveCfg = Debug|Any CPU
		{1532AB30-703C-402E-A896-7CA9DBCF2427}.Debug|Any CPU.Build.0 = Debug|Any CPU
		{1532AB30-703C-402E-A896-7CA9DBCF2427}.Release|Any CPU.ActiveCfg = Release|Any CPU
		{1532AB30-703C-402E-A896-7CA9DBCF2427}.Release|Any CPU.Build.0 = Release|Any CPU
		{83E08024-7E5A-4BA9-B25E-9E342DDD1765}.Debug|Any CPU.ActiveCfg = Debug|Any CPU
		{83E08024-7E5A-4BA9-B25E-9E342DDD1765}.Debug|Any CPU.Build.0 = Debug|Any CPU
		{83E08024-7E5A-4BA9-B25E-9E342DDD1765}.Release|Any CPU.ActiveCfg = Release|Any CPU
		{83E08024-7E5A-4BA9-B25E-9E342DDD1765}.Release|Any CPU.Build.0 = Release|Any CPU
		{30707C7F-9D6F-40D7-98B7-B578597B401F}.Debug|Any CPU.ActiveCfg = Debug|Any CPU
		{30707C7F-9D6F-40D7-98B7-B578597B401F}.Debug|Any CPU.Build.0 = Debug|Any CPU
		{30707C7F-9D6F-40D7-98B7-B578597B401F}.Release|Any CPU.ActiveCfg = Release|Any CPU
		{30707C7F-9D6F-40D7-98B7-B578597B401F}.Release|Any CPU.Build.0 = Release|Any CPU
		{BF6D5537-4C86-4F1A-B300-4F347CC9F046}.Debug|Any CPU.ActiveCfg = Debug|Any CPU
		{BF6D5537-4C86-4F1A-B300-4F347CC9F046}.Debug|Any CPU.Build.0 = Debug|Any CPU
		{BF6D5537-4C86-4F1A-B300-4F347CC9F046}.Release|Any CPU.ActiveCfg = Release|Any CPU
		{BF6D5537-4C86-4F1A-B300-4F347CC9F046}.Release|Any CPU.Build.0 = Release|Any CPU
		{1DB7EB4B-BEBD-41D2-B214-79A443A07A1E}.Debug|Any CPU.ActiveCfg = Debug|Any CPU
		{1DB7EB4B-BEBD-41D2-B214-79A443A07A1E}.Debug|Any CPU.Build.0 = Debug|Any CPU
		{1DB7EB4B-BEBD-41D2-B214-79A443A07A1E}.Release|Any CPU.ActiveCfg = Release|Any CPU
		{1DB7EB4B-BEBD-41D2-B214-79A443A07A1E}.Release|Any CPU.Build.0 = Release|Any CPU
		{BB138CB6-B4C1-4419-8B68-F03007A5BB06}.Debug|Any CPU.ActiveCfg = Debug|Any CPU
		{BB138CB6-B4C1-4419-8B68-F03007A5BB06}.Debug|Any CPU.Build.0 = Debug|Any CPU
		{BB138CB6-B4C1-4419-8B68-F03007A5BB06}.Release|Any CPU.ActiveCfg = Release|Any CPU
		{BB138CB6-B4C1-4419-8B68-F03007A5BB06}.Release|Any CPU.Build.0 = Release|Any CPU
		{F6F1B7AA-5094-47B2-A634-9C75ECF9665D}.Debug|Any CPU.ActiveCfg = Debug|Any CPU
		{F6F1B7AA-5094-47B2-A634-9C75ECF9665D}.Debug|Any CPU.Build.0 = Debug|Any CPU
		{F6F1B7AA-5094-47B2-A634-9C75ECF9665D}.Release|Any CPU.ActiveCfg = Release|Any CPU
		{F6F1B7AA-5094-47B2-A634-9C75ECF9665D}.Release|Any CPU.Build.0 = Release|Any CPU
		{AADB764D-1983-4A27-8CF5-8AD9C792ACF2}.Debug|Any CPU.ActiveCfg = Debug|Any CPU
		{AADB764D-1983-4A27-8CF5-8AD9C792ACF2}.Debug|Any CPU.Build.0 = Debug|Any CPU
		{AADB764D-1983-4A27-8CF5-8AD9C792ACF2}.Release|Any CPU.ActiveCfg = Release|Any CPU
		{AADB764D-1983-4A27-8CF5-8AD9C792ACF2}.Release|Any CPU.Build.0 = Release|Any CPU
		{160CD071-9598-4BA0-B108-B8BC73ED4B37}.Debug|Any CPU.ActiveCfg = Debug|Any CPU
		{160CD071-9598-4BA0-B108-B8BC73ED4B37}.Debug|Any CPU.Build.0 = Debug|Any CPU
		{160CD071-9598-4BA0-B108-B8BC73ED4B37}.Release|Any CPU.ActiveCfg = Release|Any CPU
		{160CD071-9598-4BA0-B108-B8BC73ED4B37}.Release|Any CPU.Build.0 = Release|Any CPU
		{3D5CC134-565F-44B2-BE5C-2E1B1257743F}.Debug|Any CPU.ActiveCfg = Debug|Any CPU
		{3D5CC134-565F-44B2-BE5C-2E1B1257743F}.Debug|Any CPU.Build.0 = Debug|Any CPU
		{3D5CC134-565F-44B2-BE5C-2E1B1257743F}.Release|Any CPU.ActiveCfg = Release|Any CPU
		{3D5CC134-565F-44B2-BE5C-2E1B1257743F}.Release|Any CPU.Build.0 = Release|Any CPU
	EndGlobalSection
	GlobalSection(SolutionProperties) = preSolution
		HideSolutionNode = FALSE
	EndGlobalSection
	GlobalSection(NestedProjects) = preSolution
		{86ADB644-F184-467B-804D-D3D8873BE2A3} = {249B12AC-B7EE-4DC4-8697-D5EDFD80B49D}
		{1532AB30-703C-402E-A896-7CA9DBCF2427} = {32922CCC-29C3-43EA-9322-FB62A5CE5C0C}
		{83E08024-7E5A-4BA9-B25E-9E342DDD1765} = {47D66B07-6685-43CF-9EC7-16A08AB8D108}
		{30707C7F-9D6F-40D7-98B7-B578597B401F} = {A8D87DD7-407A-43C9-B4D3-B337C8BB61C0}
		{BF6D5537-4C86-4F1A-B300-4F347CC9F046} = {B001C73C-D7B5-402E-9906-8E94E0885362}
		{1DB7EB4B-BEBD-41D2-B214-79A443A07A1E} = {ABBB3B54-342C-49BA-BA69-59BC2DBA3652}
		{BB138CB6-B4C1-4419-8B68-F03007A5BB06} = {47D66B07-6685-43CF-9EC7-16A08AB8D108}
		{F6F1B7AA-5094-47B2-A634-9C75ECF9665D} = {0A94C8C0-2DDB-42B9-B6F2-F61D0B36A5D6}
		{AADB764D-1983-4A27-8CF5-8AD9C792ACF2} = {0B28C38E-F2D2-4CCF-93D8-37B57E191B99}
		{0A94C8C0-2DDB-42B9-B6F2-F61D0B36A5D6} = {980D7A5C-9373-48AC-930F-48BCDF0EBAED}
		{B001C73C-D7B5-402E-9906-8E94E0885362} = {980D7A5C-9373-48AC-930F-48BCDF0EBAED}
		{ABBB3B54-342C-49BA-BA69-59BC2DBA3652} = {980D7A5C-9373-48AC-930F-48BCDF0EBAED}
		{0B28C38E-F2D2-4CCF-93D8-37B57E191B99} = {980D7A5C-9373-48AC-930F-48BCDF0EBAED}
		{A8D87DD7-407A-43C9-B4D3-B337C8BB61C0} = {980D7A5C-9373-48AC-930F-48BCDF0EBAED}
		{160CD071-9598-4BA0-B108-B8BC73ED4B37} = {E58F0D32-4508-4CEC-8219-E7619B8D80BD}
		{3D5CC134-565F-44B2-BE5C-2E1B1257743F} = {47D66B07-6685-43CF-9EC7-16A08AB8D108}
	EndGlobalSection
	GlobalSection(ExtensibilityGlobals) = postSolution
		SolutionGuid = {09283AC6-EF22-4A4D-8C7E-D5772230747C}
	EndGlobalSection
EndGlobal
